// !$*UTF8*$!
{
	archiveVersion = 1;
	classes = {
	};
	objectVersion = 55;
	objects = {

/* Begin PBXBuildFile section */
		5E09741E2796BA8B00580BE7 /* AppDelegate.swift in Sources */ = {isa = PBXBuildFile; fileRef = 5E09741D2796BA8B00580BE7 /* AppDelegate.swift */; };
		5E0974202796BA8B00580BE7 /* SceneDelegate.swift in Sources */ = {isa = PBXBuildFile; fileRef = 5E09741F2796BA8B00580BE7 /* SceneDelegate.swift */; };
		5E0974272796BA8D00580BE7 /* Assets.xcassets in Resources */ = {isa = PBXBuildFile; fileRef = 5E0974262796BA8D00580BE7 /* Assets.xcassets */; };
		5E09742A2796BA8D00580BE7 /* LaunchScreen.storyboard in Resources */ = {isa = PBXBuildFile; fileRef = 5E0974282796BA8D00580BE7 /* LaunchScreen.storyboard */; };
		5E0974382796BC4E00580BE7 /* NewsRequest.swift in Sources */ = {isa = PBXBuildFile; fileRef = 5E0974372796BC4E00580BE7 /* NewsRequest.swift */; };
		5E09743A2796BCD400580BE7 /* NewsAPI.swift in Sources */ = {isa = PBXBuildFile; fileRef = 5E0974392796BCD400580BE7 /* NewsAPI.swift */; };
		5E09743C2796BE2000580BE7 /* TopHeadlinesRequest.swift in Sources */ = {isa = PBXBuildFile; fileRef = 5E09743B2796BE2000580BE7 /* TopHeadlinesRequest.swift */; };
		5E0974472796BF2F00580BE7 /* RooitExamNewsAPITests.swift in Sources */ = {isa = PBXBuildFile; fileRef = 5E0974462796BF2F00580BE7 /* RooitExamNewsAPITests.swift */; };
		5E0974502796C3A000580BE7 /* Constants.swift in Sources */ = {isa = PBXBuildFile; fileRef = 5E09744F2796C3A000580BE7 /* Constants.swift */; };
		5E09745E2796CF9A00580BE7 /* Database.swift in Sources */ = {isa = PBXBuildFile; fileRef = 5E09745D2796CF9A00580BE7 /* Database.swift */; };
		5E09746B2796D66300580BE7 /* RooitExamDatabaseTests.swift in Sources */ = {isa = PBXBuildFile; fileRef = 5E09746A2796D66300580BE7 /* RooitExamDatabaseTests.swift */; };
		5E0974722796DF9100580BE7 /* NewsViewModel.swift in Sources */ = {isa = PBXBuildFile; fileRef = 5E0974712796DF9100580BE7 /* NewsViewModel.swift */; };
		5E0974742796E48800580BE7 /* NewsViewController.swift in Sources */ = {isa = PBXBuildFile; fileRef = 5E0974732796E48800580BE7 /* NewsViewController.swift */; };
		5E0974762796E64700580BE7 /* ArticleTableViewCell.swift in Sources */ = {isa = PBXBuildFile; fileRef = 5E0974752796E64700580BE7 /* ArticleTableViewCell.swift */; };
		5E09747B2796EC5B00580BE7 /* ArticleViewModel.swift in Sources */ = {isa = PBXBuildFile; fileRef = 5E09747A2796EC5B00580BE7 /* ArticleViewModel.swift */; };
		5EC7C4A72796F4E500D9D42C /* Coordinator.swift in Sources */ = {isa = PBXBuildFile; fileRef = 5EC7C4A62796F4E500D9D42C /* Coordinator.swift */; };
		5EC7C4A92796F51D00D9D42C /* MainCoordinator.swift in Sources */ = {isa = PBXBuildFile; fileRef = 5EC7C4A82796F51D00D9D42C /* MainCoordinator.swift */; };
		ADED059B2175AB0F46554A10 /* Pods_RooitExam.framework in Frameworks */ = {isa = PBXBuildFile; fileRef = 182FDC4A10C3AABB0EE27907 /* Pods_RooitExam.framework */; };
/* End PBXBuildFile section */

/* Begin PBXContainerItemProxy section */
		5E0974482796BF2F00580BE7 /* PBXContainerItemProxy */ = {
			isa = PBXContainerItemProxy;
			containerPortal = 5E0974122796BA8B00580BE7 /* Project object */;
			proxyType = 1;
			remoteGlobalIDString = 5E0974192796BA8B00580BE7;
			remoteInfo = RooitExam;
		};
		5E09746C2796D66300580BE7 /* PBXContainerItemProxy */ = {
			isa = PBXContainerItemProxy;
			containerPortal = 5E0974122796BA8B00580BE7 /* Project object */;
			proxyType = 1;
			remoteGlobalIDString = 5E0974192796BA8B00580BE7;
			remoteInfo = RooitExam;
		};
/* End PBXContainerItemProxy section */

/* Begin PBXFileReference section */
		02CD8CFCD2952494FB789A1A /* Pods-RooitExam.debug.xcconfig */ = {isa = PBXFileReference; includeInIndex = 1; lastKnownFileType = text.xcconfig; name = "Pods-RooitExam.debug.xcconfig"; path = "Target Support Files/Pods-RooitExam/Pods-RooitExam.debug.xcconfig"; sourceTree = "<group>"; };
		182FDC4A10C3AABB0EE27907 /* Pods_RooitExam.framework */ = {isa = PBXFileReference; explicitFileType = wrapper.framework; includeInIndex = 0; path = Pods_RooitExam.framework; sourceTree = BUILT_PRODUCTS_DIR; };
		5E09741A2796BA8B00580BE7 /* RooitExam.app */ = {isa = PBXFileReference; explicitFileType = wrapper.application; includeInIndex = 0; path = RooitExam.app; sourceTree = BUILT_PRODUCTS_DIR; };
		5E09741D2796BA8B00580BE7 /* AppDelegate.swift */ = {isa = PBXFileReference; lastKnownFileType = sourcecode.swift; path = AppDelegate.swift; sourceTree = "<group>"; };
		5E09741F2796BA8B00580BE7 /* SceneDelegate.swift */ = {isa = PBXFileReference; lastKnownFileType = sourcecode.swift; path = SceneDelegate.swift; sourceTree = "<group>"; };
		5E0974262796BA8D00580BE7 /* Assets.xcassets */ = {isa = PBXFileReference; lastKnownFileType = folder.assetcatalog; path = Assets.xcassets; sourceTree = "<group>"; };
		5E0974292796BA8D00580BE7 /* Base */ = {isa = PBXFileReference; lastKnownFileType = file.storyboard; name = Base; path = Base.lproj/LaunchScreen.storyboard; sourceTree = "<group>"; };
		5E09742B2796BA8D00580BE7 /* Info.plist */ = {isa = PBXFileReference; lastKnownFileType = text.plist.xml; path = Info.plist; sourceTree = "<group>"; };
		5E0974372796BC4E00580BE7 /* NewsRequest.swift */ = {isa = PBXFileReference; lastKnownFileType = sourcecode.swift; path = NewsRequest.swift; sourceTree = "<group>"; };
		5E0974392796BCD400580BE7 /* NewsAPI.swift */ = {isa = PBXFileReference; lastKnownFileType = sourcecode.swift; path = NewsAPI.swift; sourceTree = "<group>"; };
		5E09743B2796BE2000580BE7 /* TopHeadlinesRequest.swift */ = {isa = PBXFileReference; lastKnownFileType = sourcecode.swift; path = TopHeadlinesRequest.swift; sourceTree = "<group>"; };
		5E0974442796BF2F00580BE7 /* RooitExamNewsAPITests.xctest */ = {isa = PBXFileReference; explicitFileType = wrapper.cfbundle; includeInIndex = 0; path = RooitExamNewsAPITests.xctest; sourceTree = BUILT_PRODUCTS_DIR; };
		5E0974462796BF2F00580BE7 /* RooitExamNewsAPITests.swift */ = {isa = PBXFileReference; lastKnownFileType = sourcecode.swift; path = RooitExamNewsAPITests.swift; sourceTree = "<group>"; };
		5E09744F2796C3A000580BE7 /* Constants.swift */ = {isa = PBXFileReference; lastKnownFileType = sourcecode.swift; path = Constants.swift; sourceTree = "<group>"; };
		5E09745D2796CF9A00580BE7 /* Database.swift */ = {isa = PBXFileReference; lastKnownFileType = sourcecode.swift; path = Database.swift; sourceTree = "<group>"; };
		5E0974682796D66300580BE7 /* RooitExamDatabaseTests.xctest */ = {isa = PBXFileReference; explicitFileType = wrapper.cfbundle; includeInIndex = 0; path = RooitExamDatabaseTests.xctest; sourceTree = BUILT_PRODUCTS_DIR; };
		5E09746A2796D66300580BE7 /* RooitExamDatabaseTests.swift */ = {isa = PBXFileReference; lastKnownFileType = sourcecode.swift; path = RooitExamDatabaseTests.swift; sourceTree = "<group>"; };
		5E0974712796DF9100580BE7 /* NewsViewModel.swift */ = {isa = PBXFileReference; lastKnownFileType = sourcecode.swift; path = NewsViewModel.swift; sourceTree = "<group>"; };
		5E0974732796E48800580BE7 /* NewsViewController.swift */ = {isa = PBXFileReference; lastKnownFileType = sourcecode.swift; path = NewsViewController.swift; sourceTree = "<group>"; };
		5E0974752796E64700580BE7 /* ArticleTableViewCell.swift */ = {isa = PBXFileReference; lastKnownFileType = sourcecode.swift; path = ArticleTableViewCell.swift; sourceTree = "<group>"; };
		5E09747A2796EC5B00580BE7 /* ArticleViewModel.swift */ = {isa = PBXFileReference; lastKnownFileType = sourcecode.swift; path = ArticleViewModel.swift; sourceTree = "<group>"; };
		5EC7C4A62796F4E500D9D42C /* Coordinator.swift */ = {isa = PBXFileReference; lastKnownFileType = sourcecode.swift; path = Coordinator.swift; sourceTree = "<group>"; };
		5EC7C4A82796F51D00D9D42C /* MainCoordinator.swift */ = {isa = PBXFileReference; lastKnownFileType = sourcecode.swift; path = MainCoordinator.swift; sourceTree = "<group>"; };
		6744507A0BEED1136BFADFE4 /* Pods-RooitExam.release.xcconfig */ = {isa = PBXFileReference; includeInIndex = 1; lastKnownFileType = text.xcconfig; name = "Pods-RooitExam.release.xcconfig"; path = "Target Support Files/Pods-RooitExam/Pods-RooitExam.release.xcconfig"; sourceTree = "<group>"; };
/* End PBXFileReference section */

/* Begin PBXFrameworksBuildPhase section */
		5E0974172796BA8B00580BE7 /* Frameworks */ = {
			isa = PBXFrameworksBuildPhase;
			buildActionMask = 2147483647;
			files = (
				ADED059B2175AB0F46554A10 /* Pods_RooitExam.framework in Frameworks */,
			);
			runOnlyForDeploymentPostprocessing = 0;
		};
		5E0974412796BF2F00580BE7 /* Frameworks */ = {
			isa = PBXFrameworksBuildPhase;
			buildActionMask = 2147483647;
			files = (
			);
			runOnlyForDeploymentPostprocessing = 0;
		};
		5E0974652796D66300580BE7 /* Frameworks */ = {
			isa = PBXFrameworksBuildPhase;
			buildActionMask = 2147483647;
			files = (
			);
			runOnlyForDeploymentPostprocessing = 0;
		};
/* End PBXFrameworksBuildPhase section */

/* Begin PBXGroup section */
		5E0974112796BA8B00580BE7 = {
			isa = PBXGroup;
			children = (
				5E09744F2796C3A000580BE7 /* Constants.swift */,
				5E09741C2796BA8B00580BE7 /* RooitExam */,
				5E0974452796BF2F00580BE7 /* RooitExamNewsAPITests */,
				5E0974692796D66300580BE7 /* RooitExamDatabaseTests */,
				5E09741B2796BA8B00580BE7 /* Products */,
				DAD79232B95354A9681341D2 /* Pods */,
				F1A26441CBE06C772D66BDCE /* Frameworks */,
			);
			sourceTree = "<group>";
		};
		5E09741B2796BA8B00580BE7 /* Products */ = {
			isa = PBXGroup;
			children = (
				5E09741A2796BA8B00580BE7 /* RooitExam.app */,
				5E0974442796BF2F00580BE7 /* RooitExamNewsAPITests.xctest */,
				5E0974682796D66300580BE7 /* RooitExamDatabaseTests.xctest */,
			);
			name = Products;
			sourceTree = "<group>";
		};
		5E09741C2796BA8B00580BE7 /* RooitExam */ = {
			isa = PBXGroup;
			children = (
				5EC7C4A52796F4D600D9D42C /* Helper */,
				5E0974352796BC1600580BE7 /* Service */,
				5E0974312796BA9200580BE7 /* Scene */,
				5E0974342796BAEF00580BE7 /* SupportingFiles */,
			);
			path = RooitExam;
			sourceTree = "<group>";
		};
		5E0974312796BA9200580BE7 /* Scene */ = {
			isa = PBXGroup;
			children = (
				5E0974612796D5F900580BE7 /* News */,
				5E0974322796BA9800580BE7 /* Main */,
			);
			path = Scene;
			sourceTree = "<group>";
		};
		5E0974322796BA9800580BE7 /* Main */ = {
			isa = PBXGroup;
			children = (
				5E09741D2796BA8B00580BE7 /* AppDelegate.swift */,
				5E09741F2796BA8B00580BE7 /* SceneDelegate.swift */,
				5EC7C4A82796F51D00D9D42C /* MainCoordinator.swift */,
			);
			path = Main;
			sourceTree = "<group>";
		};
		5E0974342796BAEF00580BE7 /* SupportingFiles */ = {
			isa = PBXGroup;
			children = (
				5E0974262796BA8D00580BE7 /* Assets.xcassets */,
				5E0974282796BA8D00580BE7 /* LaunchScreen.storyboard */,
				5E09742B2796BA8D00580BE7 /* Info.plist */,
			);
			path = SupportingFiles;
			sourceTree = "<group>";
		};
		5E0974352796BC1600580BE7 /* Service */ = {
			isa = PBXGroup;
			children = (
				5E09745C2796CF7B00580BE7 /* Database */,
				5E0974362796BC2900580BE7 /* NewsAPI */,
			);
			path = Service;
			sourceTree = "<group>";
		};
		5E0974362796BC2900580BE7 /* NewsAPI */ = {
			isa = PBXGroup;
			children = (
				5E0974372796BC4E00580BE7 /* NewsRequest.swift */,
				5E0974392796BCD400580BE7 /* NewsAPI.swift */,
				5E09743B2796BE2000580BE7 /* TopHeadlinesRequest.swift */,
			);
			path = NewsAPI;
			sourceTree = "<group>";
		};
		5E0974452796BF2F00580BE7 /* RooitExamNewsAPITests */ = {
			isa = PBXGroup;
			children = (
				5E0974462796BF2F00580BE7 /* RooitExamNewsAPITests.swift */,
			);
			path = RooitExamNewsAPITests;
			sourceTree = "<group>";
		};
		5E09745C2796CF7B00580BE7 /* Database */ = {
			isa = PBXGroup;
			children = (
				5E09745D2796CF9A00580BE7 /* Database.swift */,
			);
			path = Database;
			sourceTree = "<group>";
		};
		5E0974612796D5F900580BE7 /* News */ = {
			isa = PBXGroup;
			children = (
				5E0974712796DF9100580BE7 /* NewsViewModel.swift */,
				5E0974732796E48800580BE7 /* NewsViewController.swift */,
				5E0974752796E64700580BE7 /* ArticleTableViewCell.swift */,
				5E09747A2796EC5B00580BE7 /* ArticleViewModel.swift */,
			);
			path = News;
			sourceTree = "<group>";
		};
		5E0974692796D66300580BE7 /* RooitExamDatabaseTests */ = {
			isa = PBXGroup;
			children = (
				5E09746A2796D66300580BE7 /* RooitExamDatabaseTests.swift */,
			);
			path = RooitExamDatabaseTests;
			sourceTree = "<group>";
		};
		5EC7C4A52796F4D600D9D42C /* Helper */ = {
			isa = PBXGroup;
			children = (
				5EC7C4A62796F4E500D9D42C /* Coordinator.swift */,
			);
			path = Helper;
			sourceTree = "<group>";
		};
		DAD79232B95354A9681341D2 /* Pods */ = {
			isa = PBXGroup;
			children = (
				02CD8CFCD2952494FB789A1A /* Pods-RooitExam.debug.xcconfig */,
				6744507A0BEED1136BFADFE4 /* Pods-RooitExam.release.xcconfig */,
			);
			path = Pods;
			sourceTree = "<group>";
		};
		F1A26441CBE06C772D66BDCE /* Frameworks */ = {
			isa = PBXGroup;
			children = (
				182FDC4A10C3AABB0EE27907 /* Pods_RooitExam.framework */,
			);
			name = Frameworks;
			sourceTree = "<group>";
		};
/* End PBXGroup section */

/* Begin PBXNativeTarget section */
		5E0974192796BA8B00580BE7 /* RooitExam */ = {
			isa = PBXNativeTarget;
			buildConfigurationList = 5E09742E2796BA8D00580BE7 /* Build configuration list for PBXNativeTarget "RooitExam" */;
			buildPhases = (
				C0EED650B3872C7531D5855D /* [CP] Check Pods Manifest.lock */,
				5E0974162796BA8B00580BE7 /* Sources */,
				5E0974172796BA8B00580BE7 /* Frameworks */,
				5E0974182796BA8B00580BE7 /* Resources */,
				FAF78A7A04EA6C884FD88EC9 /* [CP] Embed Pods Frameworks */,
			);
			buildRules = (
			);
			dependencies = (
			);
			name = RooitExam;
			productName = RooitExam;
			productReference = 5E09741A2796BA8B00580BE7 /* RooitExam.app */;
			productType = "com.apple.product-type.application";
		};
		5E0974432796BF2F00580BE7 /* RooitExamNewsAPITests */ = {
			isa = PBXNativeTarget;
			buildConfigurationList = 5E09744A2796BF2F00580BE7 /* Build configuration list for PBXNativeTarget "RooitExamNewsAPITests" */;
			buildPhases = (
				5E0974402796BF2F00580BE7 /* Sources */,
				5E0974412796BF2F00580BE7 /* Frameworks */,
				5E0974422796BF2F00580BE7 /* Resources */,
			);
			buildRules = (
			);
			dependencies = (
				5E0974492796BF2F00580BE7 /* PBXTargetDependency */,
			);
			name = RooitExamNewsAPITests;
			productName = RooitExamNewsAPITests;
			productReference = 5E0974442796BF2F00580BE7 /* RooitExamNewsAPITests.xctest */;
			productType = "com.apple.product-type.bundle.unit-test";
		};
		5E0974672796D66300580BE7 /* RooitExamDatabaseTests */ = {
			isa = PBXNativeTarget;
			buildConfigurationList = 5E09746E2796D66300580BE7 /* Build configuration list for PBXNativeTarget "RooitExamDatabaseTests" */;
			buildPhases = (
				5E0974642796D66300580BE7 /* Sources */,
				5E0974652796D66300580BE7 /* Frameworks */,
				5E0974662796D66300580BE7 /* Resources */,
			);
			buildRules = (
			);
			dependencies = (
				5E09746D2796D66300580BE7 /* PBXTargetDependency */,
			);
			name = RooitExamDatabaseTests;
			productName = RooitExamDatabaseTests;
			productReference = 5E0974682796D66300580BE7 /* RooitExamDatabaseTests.xctest */;
			productType = "com.apple.product-type.bundle.unit-test";
		};
/* End PBXNativeTarget section */

/* Begin PBXProject section */
		5E0974122796BA8B00580BE7 /* Project object */ = {
			isa = PBXProject;
			attributes = {
				BuildIndependentTargetsInParallel = 1;
				LastSwiftUpdateCheck = 1300;
				LastUpgradeCheck = 1300;
				TargetAttributes = {
					5E0974192796BA8B00580BE7 = {
						CreatedOnToolsVersion = 13.0;
					};
					5E0974432796BF2F00580BE7 = {
						CreatedOnToolsVersion = 13.0;
						TestTargetID = 5E0974192796BA8B00580BE7;
					};
					5E0974672796D66300580BE7 = {
						CreatedOnToolsVersion = 13.0;
						TestTargetID = 5E0974192796BA8B00580BE7;
					};
				};
			};
			buildConfigurationList = 5E0974152796BA8B00580BE7 /* Build configuration list for PBXProject "RooitExam" */;
			compatibilityVersion = "Xcode 13.0";
			developmentRegion = en;
			hasScannedForEncodings = 0;
			knownRegions = (
				en,
				Base,
			);
			mainGroup = 5E0974112796BA8B00580BE7;
			productRefGroup = 5E09741B2796BA8B00580BE7 /* Products */;
			projectDirPath = "";
			projectRoot = "";
			targets = (
				5E0974192796BA8B00580BE7 /* RooitExam */,
				5E0974432796BF2F00580BE7 /* RooitExamNewsAPITests */,
				5E0974672796D66300580BE7 /* RooitExamDatabaseTests */,
			);
		};
/* End PBXProject section */

/* Begin PBXResourcesBuildPhase section */
		5E0974182796BA8B00580BE7 /* Resources */ = {
			isa = PBXResourcesBuildPhase;
			buildActionMask = 2147483647;
			files = (
				5E09742A2796BA8D00580BE7 /* LaunchScreen.storyboard in Resources */,
				5E0974272796BA8D00580BE7 /* Assets.xcassets in Resources */,
			);
			runOnlyForDeploymentPostprocessing = 0;
		};
		5E0974422796BF2F00580BE7 /* Resources */ = {
			isa = PBXResourcesBuildPhase;
			buildActionMask = 2147483647;
			files = (
			);
			runOnlyForDeploymentPostprocessing = 0;
		};
		5E0974662796D66300580BE7 /* Resources */ = {
			isa = PBXResourcesBuildPhase;
			buildActionMask = 2147483647;
			files = (
			);
			runOnlyForDeploymentPostprocessing = 0;
		};
/* End PBXResourcesBuildPhase section */

/* Begin PBXShellScriptBuildPhase section */
		C0EED650B3872C7531D5855D /* [CP] Check Pods Manifest.lock */ = {
			isa = PBXShellScriptBuildPhase;
			buildActionMask = 2147483647;
			files = (
			);
			inputFileListPaths = (
			);
			inputPaths = (
				"${PODS_PODFILE_DIR_PATH}/Podfile.lock",
				"${PODS_ROOT}/Manifest.lock",
			);
			name = "[CP] Check Pods Manifest.lock";
			outputFileListPaths = (
			);
			outputPaths = (
				"$(DERIVED_FILE_DIR)/Pods-RooitExam-checkManifestLockResult.txt",
			);
			runOnlyForDeploymentPostprocessing = 0;
			shellPath = /bin/sh;
			shellScript = "diff \"${PODS_PODFILE_DIR_PATH}/Podfile.lock\" \"${PODS_ROOT}/Manifest.lock\" > /dev/null\nif [ $? != 0 ] ; then\n    # print error to STDERR\n    echo \"error: The sandbox is not in sync with the Podfile.lock. Run 'pod install' or update your CocoaPods installation.\" >&2\n    exit 1\nfi\n# This output is used by Xcode 'outputs' to avoid re-running this script phase.\necho \"SUCCESS\" > \"${SCRIPT_OUTPUT_FILE_0}\"\n";
			showEnvVarsInLog = 0;
		};
		FAF78A7A04EA6C884FD88EC9 /* [CP] Embed Pods Frameworks */ = {
			isa = PBXShellScriptBuildPhase;
			buildActionMask = 2147483647;
			files = (
			);
			inputFileListPaths = (
				"${PODS_ROOT}/Target Support Files/Pods-RooitExam/Pods-RooitExam-frameworks-${CONFIGURATION}-input-files.xcfilelist",
			);
			name = "[CP] Embed Pods Frameworks";
			outputFileListPaths = (
				"${PODS_ROOT}/Target Support Files/Pods-RooitExam/Pods-RooitExam-frameworks-${CONFIGURATION}-output-files.xcfilelist",
			);
			runOnlyForDeploymentPostprocessing = 0;
			shellPath = /bin/sh;
			shellScript = "\"${PODS_ROOT}/Target Support Files/Pods-RooitExam/Pods-RooitExam-frameworks.sh\"\n";
			showEnvVarsInLog = 0;
		};
/* End PBXShellScriptBuildPhase section */

/* Begin PBXSourcesBuildPhase section */
		5E0974162796BA8B00580BE7 /* Sources */ = {
			isa = PBXSourcesBuildPhase;
			buildActionMask = 2147483647;
			files = (
				5E0974762796E64700580BE7 /* ArticleTableViewCell.swift in Sources */,
				5E09743C2796BE2000580BE7 /* TopHeadlinesRequest.swift in Sources */,
				5E09745E2796CF9A00580BE7 /* Database.swift in Sources */,
				5E0974382796BC4E00580BE7 /* NewsRequest.swift in Sources */,
				5E09741E2796BA8B00580BE7 /* AppDelegate.swift in Sources */,
				5E0974202796BA8B00580BE7 /* SceneDelegate.swift in Sources */,
				5E09743A2796BCD400580BE7 /* NewsAPI.swift in Sources */,
				5E09747B2796EC5B00580BE7 /* ArticleViewModel.swift in Sources */,
				5EC7C4A72796F4E500D9D42C /* Coordinator.swift in Sources */,
				5E0974742796E48800580BE7 /* NewsViewController.swift in Sources */,
				5EC7C4A92796F51D00D9D42C /* MainCoordinator.swift in Sources */,
				5E0974502796C3A000580BE7 /* Constants.swift in Sources */,
				5E0974722796DF9100580BE7 /* NewsViewModel.swift in Sources */,
			);
			runOnlyForDeploymentPostprocessing = 0;
		};
		5E0974402796BF2F00580BE7 /* Sources */ = {
			isa = PBXSourcesBuildPhase;
			buildActionMask = 2147483647;
			files = (
				5E0974472796BF2F00580BE7 /* RooitExamNewsAPITests.swift in Sources */,
			);
			runOnlyForDeploymentPostprocessing = 0;
		};
		5E0974642796D66300580BE7 /* Sources */ = {
			isa = PBXSourcesBuildPhase;
			buildActionMask = 2147483647;
			files = (
				5E09746B2796D66300580BE7 /* RooitExamDatabaseTests.swift in Sources */,
			);
			runOnlyForDeploymentPostprocessing = 0;
		};
/* End PBXSourcesBuildPhase section */

/* Begin PBXTargetDependency section */
		5E0974492796BF2F00580BE7 /* PBXTargetDependency */ = {
			isa = PBXTargetDependency;
			target = 5E0974192796BA8B00580BE7 /* RooitExam */;
			targetProxy = 5E0974482796BF2F00580BE7 /* PBXContainerItemProxy */;
		};
		5E09746D2796D66300580BE7 /* PBXTargetDependency */ = {
			isa = PBXTargetDependency;
			target = 5E0974192796BA8B00580BE7 /* RooitExam */;
			targetProxy = 5E09746C2796D66300580BE7 /* PBXContainerItemProxy */;
		};
/* End PBXTargetDependency section */

/* Begin PBXVariantGroup section */
		5E0974282796BA8D00580BE7 /* LaunchScreen.storyboard */ = {
			isa = PBXVariantGroup;
			children = (
				5E0974292796BA8D00580BE7 /* Base */,
			);
			name = LaunchScreen.storyboard;
			sourceTree = "<group>";
		};
/* End PBXVariantGroup section */

/* Begin XCBuildConfiguration section */
		5E09742C2796BA8D00580BE7 /* Debug */ = {
			isa = XCBuildConfiguration;
			buildSettings = {
				ALWAYS_SEARCH_USER_PATHS = NO;
				CLANG_ANALYZER_NONNULL = YES;
				CLANG_ANALYZER_NUMBER_OBJECT_CONVERSION = YES_AGGRESSIVE;
				CLANG_CXX_LANGUAGE_STANDARD = "gnu++17";
				CLANG_CXX_LIBRARY = "libc++";
				CLANG_ENABLE_MODULES = YES;
				CLANG_ENABLE_OBJC_ARC = YES;
				CLANG_ENABLE_OBJC_WEAK = YES;
				CLANG_WARN_BLOCK_CAPTURE_AUTORELEASING = YES;
				CLANG_WARN_BOOL_CONVERSION = YES;
				CLANG_WARN_COMMA = YES;
				CLANG_WARN_CONSTANT_CONVERSION = YES;
				CLANG_WARN_DEPRECATED_OBJC_IMPLEMENTATIONS = YES;
				CLANG_WARN_DIRECT_OBJC_ISA_USAGE = YES_ERROR;
				CLANG_WARN_DOCUMENTATION_COMMENTS = YES;
				CLANG_WARN_EMPTY_BODY = YES;
				CLANG_WARN_ENUM_CONVERSION = YES;
				CLANG_WARN_INFINITE_RECURSION = YES;
				CLANG_WARN_INT_CONVERSION = YES;
				CLANG_WARN_NON_LITERAL_NULL_CONVERSION = YES;
				CLANG_WARN_OBJC_IMPLICIT_RETAIN_SELF = YES;
				CLANG_WARN_OBJC_LITERAL_CONVERSION = YES;
				CLANG_WARN_OBJC_ROOT_CLASS = YES_ERROR;
				CLANG_WARN_QUOTED_INCLUDE_IN_FRAMEWORK_HEADER = YES;
				CLANG_WARN_RANGE_LOOP_ANALYSIS = YES;
				CLANG_WARN_STRICT_PROTOTYPES = YES;
				CLANG_WARN_SUSPICIOUS_MOVE = YES;
				CLANG_WARN_UNGUARDED_AVAILABILITY = YES_AGGRESSIVE;
				CLANG_WARN_UNREACHABLE_CODE = YES;
				CLANG_WARN__DUPLICATE_METHOD_MATCH = YES;
				COPY_PHASE_STRIP = NO;
				DEBUG_INFORMATION_FORMAT = dwarf;
				ENABLE_STRICT_OBJC_MSGSEND = YES;
				ENABLE_TESTABILITY = YES;
				GCC_C_LANGUAGE_STANDARD = gnu11;
				GCC_DYNAMIC_NO_PIC = NO;
				GCC_NO_COMMON_BLOCKS = YES;
				GCC_OPTIMIZATION_LEVEL = 0;
				GCC_PREPROCESSOR_DEFINITIONS = (
					"DEBUG=1",
					"$(inherited)",
				);
				GCC_WARN_64_TO_32_BIT_CONVERSION = YES;
				GCC_WARN_ABOUT_RETURN_TYPE = YES_ERROR;
				GCC_WARN_UNDECLARED_SELECTOR = YES;
				GCC_WARN_UNINITIALIZED_AUTOS = YES_AGGRESSIVE;
				GCC_WARN_UNUSED_FUNCTION = YES;
				GCC_WARN_UNUSED_VARIABLE = YES;
				IPHONEOS_DEPLOYMENT_TARGET = 15.0;
				MTL_ENABLE_DEBUG_INFO = INCLUDE_SOURCE;
				MTL_FAST_MATH = YES;
				ONLY_ACTIVE_ARCH = YES;
				SDKROOT = iphoneos;
				SWIFT_ACTIVE_COMPILATION_CONDITIONS = DEBUG;
				SWIFT_OPTIMIZATION_LEVEL = "-Onone";
			};
			name = Debug;
		};
		5E09742D2796BA8D00580BE7 /* Release */ = {
			isa = XCBuildConfiguration;
			buildSettings = {
				ALWAYS_SEARCH_USER_PATHS = NO;
				CLANG_ANALYZER_NONNULL = YES;
				CLANG_ANALYZER_NUMBER_OBJECT_CONVERSION = YES_AGGRESSIVE;
				CLANG_CXX_LANGUAGE_STANDARD = "gnu++17";
				CLANG_CXX_LIBRARY = "libc++";
				CLANG_ENABLE_MODULES = YES;
				CLANG_ENABLE_OBJC_ARC = YES;
				CLANG_ENABLE_OBJC_WEAK = YES;
				CLANG_WARN_BLOCK_CAPTURE_AUTORELEASING = YES;
				CLANG_WARN_BOOL_CONVERSION = YES;
				CLANG_WARN_COMMA = YES;
				CLANG_WARN_CONSTANT_CONVERSION = YES;
				CLANG_WARN_DEPRECATED_OBJC_IMPLEMENTATIONS = YES;
				CLANG_WARN_DIRECT_OBJC_ISA_USAGE = YES_ERROR;
				CLANG_WARN_DOCUMENTATION_COMMENTS = YES;
				CLANG_WARN_EMPTY_BODY = YES;
				CLANG_WARN_ENUM_CONVERSION = YES;
				CLANG_WARN_INFINITE_RECURSION = YES;
				CLANG_WARN_INT_CONVERSION = YES;
				CLANG_WARN_NON_LITERAL_NULL_CONVERSION = YES;
				CLANG_WARN_OBJC_IMPLICIT_RETAIN_SELF = YES;
				CLANG_WARN_OBJC_LITERAL_CONVERSION = YES;
				CLANG_WARN_OBJC_ROOT_CLASS = YES_ERROR;
				CLANG_WARN_QUOTED_INCLUDE_IN_FRAMEWORK_HEADER = YES;
				CLANG_WARN_RANGE_LOOP_ANALYSIS = YES;
				CLANG_WARN_STRICT_PROTOTYPES = YES;
				CLANG_WARN_SUSPICIOUS_MOVE = YES;
				CLANG_WARN_UNGUARDED_AVAILABILITY = YES_AGGRESSIVE;
				CLANG_WARN_UNREACHABLE_CODE = YES;
				CLANG_WARN__DUPLICATE_METHOD_MATCH = YES;
				COPY_PHASE_STRIP = NO;
				DEBUG_INFORMATION_FORMAT = "dwarf-with-dsym";
				ENABLE_NS_ASSERTIONS = NO;
				ENABLE_STRICT_OBJC_MSGSEND = YES;
				GCC_C_LANGUAGE_STANDARD = gnu11;
				GCC_NO_COMMON_BLOCKS = YES;
				GCC_WARN_64_TO_32_BIT_CONVERSION = YES;
				GCC_WARN_ABOUT_RETURN_TYPE = YES_ERROR;
				GCC_WARN_UNDECLARED_SELECTOR = YES;
				GCC_WARN_UNINITIALIZED_AUTOS = YES_AGGRESSIVE;
				GCC_WARN_UNUSED_FUNCTION = YES;
				GCC_WARN_UNUSED_VARIABLE = YES;
				IPHONEOS_DEPLOYMENT_TARGET = 15.0;
				MTL_ENABLE_DEBUG_INFO = NO;
				MTL_FAST_MATH = YES;
				SDKROOT = iphoneos;
				SWIFT_COMPILATION_MODE = wholemodule;
				SWIFT_OPTIMIZATION_LEVEL = "-O";
				VALIDATE_PRODUCT = YES;
			};
			name = Release;
		};
		5E09742F2796BA8D00580BE7 /* Debug */ = {
			isa = XCBuildConfiguration;
			baseConfigurationReference = 02CD8CFCD2952494FB789A1A /* Pods-RooitExam.debug.xcconfig */;
			buildSettings = {
				ASSETCATALOG_COMPILER_APPICON_NAME = AppIcon;
				ASSETCATALOG_COMPILER_GLOBAL_ACCENT_COLOR_NAME = AccentColor;
				CODE_SIGN_STYLE = Automatic;
				CURRENT_PROJECT_VERSION = 1;
				GENERATE_INFOPLIST_FILE = YES;
				INFOPLIST_FILE = RooitExam/SupportingFiles/Info.plist;
				INFOPLIST_KEY_UIApplicationSupportsIndirectInputEvents = YES;
				INFOPLIST_KEY_UILaunchStoryboardName = LaunchScreen;
				INFOPLIST_KEY_UISupportedInterfaceOrientations_iPad = "UIInterfaceOrientationPortrait UIInterfaceOrientationPortraitUpsideDown UIInterfaceOrientationLandscapeLeft UIInterfaceOrientationLandscapeRight";
				INFOPLIST_KEY_UISupportedInterfaceOrientations_iPhone = "UIInterfaceOrientationPortrait UIInterfaceOrientationLandscapeLeft UIInterfaceOrientationLandscapeRight";
				LD_RUNPATH_SEARCH_PATHS = (
					"$(inherited)",
					"@executable_path/Frameworks",
				);
				MARKETING_VERSION = 1.0;
				PRODUCT_BUNDLE_IDENTIFIER = com.jeremyxue.RooitExam;
				PRODUCT_NAME = "$(TARGET_NAME)";
				SWIFT_EMIT_LOC_STRINGS = YES;
				SWIFT_VERSION = 5.0;
				TARGETED_DEVICE_FAMILY = "1,2";
			};
			name = Debug;
		};
		5E0974302796BA8D00580BE7 /* Release */ = {
			isa = XCBuildConfiguration;
			baseConfigurationReference = 6744507A0BEED1136BFADFE4 /* Pods-RooitExam.release.xcconfig */;
			buildSettings = {
				ASSETCATALOG_COMPILER_APPICON_NAME = AppIcon;
				ASSETCATALOG_COMPILER_GLOBAL_ACCENT_COLOR_NAME = AccentColor;
				CODE_SIGN_STYLE = Automatic;
				CURRENT_PROJECT_VERSION = 1;
				GENERATE_INFOPLIST_FILE = YES;
				INFOPLIST_FILE = RooitExam/SupportingFiles/Info.plist;
				INFOPLIST_KEY_UIApplicationSupportsIndirectInputEvents = YES;
				INFOPLIST_KEY_UILaunchStoryboardName = LaunchScreen;
				INFOPLIST_KEY_UISupportedInterfaceOrientations_iPad = "UIInterfaceOrientationPortrait UIInterfaceOrientationPortraitUpsideDown UIInterfaceOrientationLandscapeLeft UIInterfaceOrientationLandscapeRight";
				INFOPLIST_KEY_UISupportedInterfaceOrientations_iPhone = "UIInterfaceOrientationPortrait UIInterfaceOrientationLandscapeLeft UIInterfaceOrientationLandscapeRight";
				LD_RUNPATH_SEARCH_PATHS = (
					"$(inherited)",
					"@executable_path/Frameworks",
				);
				MARKETING_VERSION = 1.0;
				PRODUCT_BUNDLE_IDENTIFIER = com.jeremyxue.RooitExam;
				PRODUCT_NAME = "$(TARGET_NAME)";
				SWIFT_EMIT_LOC_STRINGS = YES;
				SWIFT_VERSION = 5.0;
				TARGETED_DEVICE_FAMILY = "1,2";
			};
			name = Release;
		};
		5E09744B2796BF2F00580BE7 /* Debug */ = {
			isa = XCBuildConfiguration;
			buildSettings = {
				BUNDLE_LOADER = "$(TEST_HOST)";
				CODE_SIGN_STYLE = Automatic;
				CURRENT_PROJECT_VERSION = 1;
				GENERATE_INFOPLIST_FILE = YES;
				LD_RUNPATH_SEARCH_PATHS = (
					"$(inherited)",
					"@executable_path/Frameworks",
					"@loader_path/Frameworks",
				);
				MARKETING_VERSION = 1.0;
				PRODUCT_BUNDLE_IDENTIFIER = com.jeremyxue.RooitExamNewsAPITests;
				PRODUCT_NAME = "$(TARGET_NAME)";
				SWIFT_EMIT_LOC_STRINGS = NO;
				SWIFT_VERSION = 5.0;
				TARGETED_DEVICE_FAMILY = "1,2";
				TEST_HOST = "$(BUILT_PRODUCTS_DIR)/RooitExam.app/RooitExam";
			};
			name = Debug;
		};
		5E09744C2796BF2F00580BE7 /* Release */ = {
			isa = XCBuildConfiguration;
			buildSettings = {
				BUNDLE_LOADER = "$(TEST_HOST)";
				CODE_SIGN_STYLE = Automatic;
				CURRENT_PROJECT_VERSION = 1;
				GENERATE_INFOPLIST_FILE = YES;
				LD_RUNPATH_SEARCH_PATHS = (
					"$(inherited)",
					"@executable_path/Frameworks",
					"@loader_path/Frameworks",
				);
				MARKETING_VERSION = 1.0;
				PRODUCT_BUNDLE_IDENTIFIER = com.jeremyxue.RooitExamNewsAPITests;
				PRODUCT_NAME = "$(TARGET_NAME)";
				SWIFT_EMIT_LOC_STRINGS = NO;
				SWIFT_VERSION = 5.0;
				TARGETED_DEVICE_FAMILY = "1,2";
				TEST_HOST = "$(BUILT_PRODUCTS_DIR)/RooitExam.app/RooitExam";
			};
			name = Release;
		};
		5E09746F2796D66300580BE7 /* Debug */ = {
			isa = XCBuildConfiguration;
			buildSettings = {
				BUNDLE_LOADER = "$(TEST_HOST)";
				CODE_SIGN_STYLE = Automatic;
				CURRENT_PROJECT_VERSION = 1;
				GENERATE_INFOPLIST_FILE = YES;
				LD_RUNPATH_SEARCH_PATHS = (
					"$(inherited)",
					"@executable_path/Frameworks",
					"@loader_path/Frameworks",
				);
				MARKETING_VERSION = 1.0;
				PRODUCT_BUNDLE_IDENTIFIER = com.jeremyxue.RooitExamDatabaseTests;
				PRODUCT_NAME = "$(TARGET_NAME)";
				SWIFT_EMIT_LOC_STRINGS = NO;
				SWIFT_VERSION = 5.0;
				TARGETED_DEVICE_FAMILY = "1,2";
				TEST_HOST = "$(BUILT_PRODUCTS_DIR)/RooitExam.app/RooitExam";
			};
			name = Debug;
		};
		5E0974702796D66300580BE7 /* Release */ = {
			isa = XCBuildConfiguration;
			buildSettings = {
				BUNDLE_LOADER = "$(TEST_HOST)";
				CODE_SIGN_STYLE = Automatic;
				CURRENT_PROJECT_VERSION = 1;
				GENERATE_INFOPLIST_FILE = YES;
				LD_RUNPATH_SEARCH_PATHS = (
					"$(inherited)",
					"@executable_path/Frameworks",
					"@loader_path/Frameworks",
				);
				MARKETING_VERSION = 1.0;
				PRODUCT_BUNDLE_IDENTIFIER = com.jeremyxue.RooitExamDatabaseTests;
				PRODUCT_NAME = "$(TARGET_NAME)";
				SWIFT_EMIT_LOC_STRINGS = NO;
				SWIFT_VERSION = 5.0;
				TARGETED_DEVICE_FAMILY = "1,2";
				TEST_HOST = "$(BUILT_PRODUCTS_DIR)/RooitExam.app/RooitExam";
			};
			name = Release;
		};
/* End XCBuildConfiguration section */

/* Begin XCConfigurationList section */
		5E0974152796BA8B00580BE7 /* Build configuration list for PBXProject "RooitExam" */ = {
			isa = XCConfigurationList;
			buildConfigurations = (
				5E09742C2796BA8D00580BE7 /* Debug */,
				5E09742D2796BA8D00580BE7 /* Release */,
			);
			defaultConfigurationIsVisible = 0;
			defaultConfigurationName = Release;
		};
		5E09742E2796BA8D00580BE7 /* Build configuration list for PBXNativeTarget "RooitExam" */ = {
			isa = XCConfigurationList;
			buildConfigurations = (
				5E09742F2796BA8D00580BE7 /* Debug */,
				5E0974302796BA8D00580BE7 /* Release */,
			);
			defaultConfigurationIsVisible = 0;
			defaultConfigurationName = Release;
		};
		5E09744A2796BF2F00580BE7 /* Build configuration list for PBXNativeTarget "RooitExamNewsAPITests" */ = {
			isa = XCConfigurationList;
			buildConfigurations = (
				5E09744B2796BF2F00580BE7 /* Debug */,
				5E09744C2796BF2F00580BE7 /* Release */,
			);
			defaultConfigurationIsVisible = 0;
			defaultConfigurationName = Release;
		};
		5E09746E2796D66300580BE7 /* Build configuration list for PBXNativeTarget "RooitExamDatabaseTests" */ = {
			isa = XCConfigurationList;
			buildConfigurations = (
				5E09746F2796D66300580BE7 /* Debug */,
				5E0974702796D66300580BE7 /* Release */,
			);
			defaultConfigurationIsVisible = 0;
			defaultConfigurationName = Release;
		};
/* End XCConfigurationList section */
	};
	rootObject = 5E0974122796BA8B00580BE7 /* Project object */;
}
